
Microsoft Visual Studio Solution File, Format Version 12.00
# Visual Studio 2012
Project("{FAE04EC0-301F-11D3-BF4B-00C04F79EFBC}") = "Calculator", "Calculator\Calculator.csproj", "{1303811F-1771-4864-A8CA-5232CCDE2DCA}"
EndProject
Project("{FAE04EC0-301F-11D3-BF4B-00C04F79EFBC}") = "Tests", "Tests\Tests.csproj", "{98C69D81-BB7A-4F23-B7B3-B66B2D03DAC8}"
EndProject
Global
	GlobalSection(SolutionConfigurationPlatforms) = preSolution
		Debug|Any CPU = Debug|Any CPU
		Release|Any CPU = Release|Any CPU
	EndGlobalSection
	GlobalSection(ProjectConfigurationPlatforms) = postSolution
		{1303811F-1771-4864-A8CA-5232CCDE2DCA}.Debug|Any CPU.ActiveCfg = Debug|Any CPU
		{1303811F-1771-4864-A8CA-5232CCDE2DCA}.Debug|Any CPU.Build.0 = Debug|Any CPU
		{1303811F-1771-4864-A8CA-5232CCDE2DCA}.Release|Any CPU.ActiveCfg = Release|Any CPU
		{1303811F-1771-4864-A8CA-5232CCDE2DCA}.Release|Any CPU.Build.0 = Release|Any CPU
		{98C69D81-BB7A-4F23-B7B3-B66B2D03DAC8}.Debug|Any CPU.ActiveCfg = Debug|Any CPU
		{98C69D81-BB7A-4F23-B7B3-B66B2D03DAC8}.Debug|Any CPU.Build.0 = Debug|Any CPU
		{98C69D81-BB7A-4F23-B7B3-B66B2D03DAC8}.Release|Any CPU.ActiveCfg = Release|Any CPU
		{98C69D81-BB7A-4F23-B7B3-B66B2D03DAC8}.Release|Any CPU.Build.0 = Release|Any CPU
	EndGlobalSection
	GlobalSection(SolutionProperties) = preSolution
		HideSolutionNode = FALSE
	EndGlobalSection
EndGlobal
